{
    "nebulaRecommenderBom": {
        "com.fasterxml.jackson:jackson-bom": {
            "locked": "2.12.3"
        },
        "org.jetbrains.kotlin:kotlin-bom": {
            "locked": "1.5.10"
        },
        "org.springframework.boot:spring-boot-dependencies": {
            "locked": "2.5.1"
        },
        "org.springframework.cloud:spring-cloud-dependencies": {
            "locked": "2020.0.3"
        },
        "org.springframework.security:spring-security-bom": {
            "locked": "5.5.1"
        },
        "org.springframework:spring-framework-bom": {
            "locked": "5.3.8"
        }
    }
}